<?xml version="1.0" encoding="utf-8"?>
<Project ToolsVersion="4.0" xmlns="http://schemas.microsoft.com/developer/msbuild/2003">
  <ItemGroup>
    <Filter Include="Assets">
      <UniqueIdentifier>c1de58e5-f9db-43a3-be74-319c935e4da2</UniqueIdentifier>
      <Extensions>ico;cur;bmp;dds;dlg;fbx;rct;bin;rgs;gif;jpg;jpeg;jpe;resx;tga;tiff;tif;png;wav;mfcribbon-ms</Extensions>
    </Filter>
    <Filter Include="Source">
      <UniqueIdentifier>{552e5372-3bd2-454a-8b43-2c20995a9919}</UniqueIdentifier>
    </Filter>
    <Filter Include="Source\headers">
      <UniqueIdentifier>{85f07b88-7d1a-4666-a2ac-5aa59d9b522c}</UniqueIdentifier>
    </Filter>
  </ItemGroup>
  <ItemGroup>
    <ClInclude Include="Game.h">
      <Filter>Source\headers</Filter>
    </ClInclude>
    <ClInclude Include="pch.h">
      <Filter>Source\headers</Filter>
    </ClInclude>
    <ClInclude Include="StepTimer.h">
      <Filter>Source\headers</Filter>
    </ClInclude>
    <ClInclude Include="Camera.h">
      <Filter>Source\headers</Filter>
    </ClInclude>
  </ItemGroup>
  <ItemGroup>
    <ClCompile Include="Game.cpp">
      <Filter>Source</Filter>
    </ClCompile>
    <ClCompile Include="Main.cpp">
      <Filter>Source</Filter>
    </ClCompile>
    <ClCompile Include="pch.cpp">
      <Filter>Source</Filter>
    </ClCompile>
    <ClCompile Include="Camera.cpp">
      <Filter>Source</Filter>
    </ClCompile>
  </ItemGroup>
  <ItemGroup>
    <ResourceCompile Include="resource.rc" />
  </ItemGroup>
  <ItemGroup>
    <Image Include="directx.ico">
      <Filter>Assets</Filter>
    </Image>
    <Image Include="cup.jpg">
      <Filter>Assets</Filter>
    </Image>
    <Image Include="9mmAmmoBox.jpg">
      <Filter>Assets</Filter>
    </Image>
  </ItemGroup>
  <ItemGroup>
    <Manifest Include="settings.manifest">
      <Filter>Assets</Filter>
    </Manifest>
  </ItemGroup>
  <ItemGroup>
    <None Include="cup.cmo" />
    <None Include="9mmAmmoBox.cmo" />
    <None Include="packages.config" />
  </ItemGroup>
</Project>