
Microsoft Visual Studio Solution File, Format Version 12.00
# Visual Studio 15
VisualStudioVersion = 15.0.27130.2024
MinimumVisualStudioVersion = 10.0.40219.1
Project("{8BC9CEB8-8B4A-11D0-8D11-00A0C91BC942}") = "SkyboxA1", "SkyboxA1\SkyboxA1.vcxproj", "{5BC93BCE-340D-493B-AC15-A113E97018E0}"
EndProject
Project("{8BC9CEB8-8B4A-11D0-8D11-00A0C91BC942}") = "SkyboxA2", "SkyboxA2\SkyboxA2.vcxproj", "{C0F620FE-AE67-4BDB-AFDB-3185798271CE}"
EndProject
Project("{8BC9CEB8-8B4A-11D0-8D11-00A0C91BC942}") = "SkyboxA4", "SkyboxA4\SkyboxA4.vcxproj", "{A9937A0F-16F2-4F2C-B7C1-7D7F01AB9CEB}"
EndProject
Project("{8BC9CEB8-8B4A-11D0-8D11-00A0C91BC942}") = "SkyboxA3", "SkyboxA3\SkyboxA3.vcxproj", "{D29211BA-8923-456C-8EB6-4D18C24968D8}"
EndProject
Project("{8BC9CEB8-8B4A-11D0-8D11-00A0C91BC942}") = "GuessWhat", "GuessWhat\GuessWhat.vcxproj", "{E32DAFD8-83FB-41AD-9BA3-83F39A6E262E}"
EndProject
Project("{8BC9CEB8-8B4A-11D0-8D11-00A0C91BC942}") = "SkyboxA5", "SkyboxA5\SkyboxA5.vcxproj", "{136F9490-8223-4AAA-926A-90418F537DD4}"
EndProject
Project("{8BC9CEB8-8B4A-11D0-8D11-00A0C91BC942}") = "SkyboxA6", "SkyboxA6\SkyboxA6.vcxproj", "{28964B6F-0214-4B67-B2B6-F8E9CC9726CB}"
EndProject
Project("{8BC9CEB8-8B4A-11D0-8D11-00A0C91BC942}") = "SkyboxA7", "SkyboxA7\SkyboxA7.vcxproj", "{B270AE21-429B-4B93-ACE6-D8CA14A6A0B7}"
EndProject
Project("{8BC9CEB8-8B4A-11D0-8D11-00A0C91BC942}") = "SkyboxA8", "SkyboxA8\SkyboxA8.vcxproj", "{CA9AE9A1-1CED-4103-A58C-4ACBA392A03B}"
EndProject
Global
	GlobalSection(SolutionConfigurationPlatforms) = preSolution
		Debug|x64 = Debug|x64
		Debug|x86 = Debug|x86
		Release|x64 = Release|x64
		Release|x86 = Release|x86
	EndGlobalSection
	GlobalSection(ProjectConfigurationPlatforms) = postSolution
		{5BC93BCE-340D-493B-AC15-A113E97018E0}.Debug|x64.ActiveCfg = Debug|x64
		{5BC93BCE-340D-493B-AC15-A113E97018E0}.Debug|x64.Build.0 = Debug|x64
		{5BC93BCE-340D-493B-AC15-A113E97018E0}.Debug|x86.ActiveCfg = Debug|Win32
		{5BC93BCE-340D-493B-AC15-A113E97018E0}.Debug|x86.Build.0 = Debug|Win32
		{5BC93BCE-340D-493B-AC15-A113E97018E0}.Release|x64.ActiveCfg = Release|x64
		{5BC93BCE-340D-493B-AC15-A113E97018E0}.Release|x64.Build.0 = Release|x64
		{5BC93BCE-340D-493B-AC15-A113E97018E0}.Release|x86.ActiveCfg = Release|Win32
		{5BC93BCE-340D-493B-AC15-A113E97018E0}.Release|x86.Build.0 = Release|Win32
		{C0F620FE-AE67-4BDB-AFDB-3185798271CE}.Debug|x64.ActiveCfg = Debug|x64
		{C0F620FE-AE67-4BDB-AFDB-3185798271CE}.Debug|x64.Build.0 = Debug|x64
		{C0F620FE-AE67-4BDB-AFDB-3185798271CE}.Debug|x86.ActiveCfg = Debug|Win32
		{C0F620FE-AE67-4BDB-AFDB-3185798271CE}.Debug|x86.Build.0 = Debug|Win32
		{C0F620FE-AE67-4BDB-AFDB-3185798271CE}.Release|x64.ActiveCfg = Release|x64
		{C0F620FE-AE67-4BDB-AFDB-3185798271CE}.Release|x64.Build.0 = Release|x64
		{C0F620FE-AE67-4BDB-AFDB-3185798271CE}.Release|x86.ActiveCfg = Release|Win32
		{C0F620FE-AE67-4BDB-AFDB-3185798271CE}.Release|x86.Build.0 = Release|Win32
		{A9937A0F-16F2-4F2C-B7C1-7D7F01AB9CEB}.Debug|x64.ActiveCfg = Debug|x64
		{A9937A0F-16F2-4F2C-B7C1-7D7F01AB9CEB}.Debug|x64.Build.0 = Debug|x64
		{A9937A0F-16F2-4F2C-B7C1-7D7F01AB9CEB}.Debug|x86.ActiveCfg = Debug|Win32
		{A9937A0F-16F2-4F2C-B7C1-7D7F01AB9CEB}.Debug|x86.Build.0 = Debug|Win32
		{A9937A0F-16F2-4F2C-B7C1-7D7F01AB9CEB}.Release|x64.ActiveCfg = Release|x64
		{A9937A0F-16F2-4F2C-B7C1-7D7F01AB9CEB}.Release|x64.Build.0 = Release|x64
		{A9937A0F-16F2-4F2C-B7C1-7D7F01AB9CEB}.Release|x86.ActiveCfg = Release|Win32
		{A9937A0F-16F2-4F2C-B7C1-7D7F01AB9CEB}.Release|x86.Build.0 = Release|Win32
		{D29211BA-8923-456C-8EB6-4D18C24968D8}.Debug|x64.ActiveCfg = Debug|x64
		{D29211BA-8923-456C-8EB6-4D18C24968D8}.Debug|x64.Build.0 = Debug|x64
		{D29211BA-8923-456C-8EB6-4D18C24968D8}.Debug|x86.ActiveCfg = Debug|Win32
		{D29211BA-8923-456C-8EB6-4D18C24968D8}.Debug|x86.Build.0 = Debug|Win32
		{D29211BA-8923-456C-8EB6-4D18C24968D8}.Release|x64.ActiveCfg = Release|x64
		{D29211BA-8923-456C-8EB6-4D18C24968D8}.Release|x64.Build.0 = Release|x64
		{D29211BA-8923-456C-8EB6-4D18C24968D8}.Release|x86.ActiveCfg = Release|Win32
		{D29211BA-8923-456C-8EB6-4D18C24968D8}.Release|x86.Build.0 = Release|Win32
		{E32DAFD8-83FB-41AD-9BA3-83F39A6E262E}.Debug|x64.ActiveCfg = Debug|x64
		{E32DAFD8-83FB-41AD-9BA3-83F39A6E262E}.Debug|x64.Build.0 = Debug|x64
		{E32DAFD8-83FB-41AD-9BA3-83F39A6E262E}.Debug|x86.ActiveCfg = Debug|Win32
		{E32DAFD8-83FB-41AD-9BA3-83F39A6E262E}.Debug|x86.Build.0 = Debug|Win32
		{E32DAFD8-83FB-41AD-9BA3-83F39A6E262E}.Release|x64.ActiveCfg = Release|x64
		{E32DAFD8-83FB-41AD-9BA3-83F39A6E262E}.Release|x64.Build.0 = Release|x64
		{E32DAFD8-83FB-41AD-9BA3-83F39A6E262E}.Release|x86.ActiveCfg = Release|Win32
		{E32DAFD8-83FB-41AD-9BA3-83F39A6E262E}.Release|x86.Build.0 = Release|Win32
		{136F9490-8223-4AAA-926A-90418F537DD4}.Debug|x64.ActiveCfg = Debug|x64
		{136F9490-8223-4AAA-926A-90418F537DD4}.Debug|x64.Build.0 = Debug|x64
		{136F9490-8223-4AAA-926A-90418F537DD4}.Debug|x86.ActiveCfg = Debug|Win32
		{136F9490-8223-4AAA-926A-90418F537DD4}.Debug|x86.Build.0 = Debug|Win32
		{136F9490-8223-4AAA-926A-90418F537DD4}.Release|x64.ActiveCfg = Release|x64
		{136F9490-8223-4AAA-926A-90418F537DD4}.Release|x64.Build.0 = Release|x64
		{136F9490-8223-4AAA-926A-90418F537DD4}.Release|x86.ActiveCfg = Release|Win32
		{136F9490-8223-4AAA-926A-90418F537DD4}.Release|x86.Build.0 = Release|Win32
		{28964B6F-0214-4B67-B2B6-F8E9CC9726CB}.Debug|x64.ActiveCfg = Debug|x64
		{28964B6F-0214-4B67-B2B6-F8E9CC9726CB}.Debug|x64.Build.0 = Debug|x64
		{28964B6F-0214-4B67-B2B6-F8E9CC9726CB}.Debug|x86.ActiveCfg = Debug|Win32
		{28964B6F-0214-4B67-B2B6-F8E9CC9726CB}.Debug|x86.Build.0 = Debug|Win32
		{28964B6F-0214-4B67-B2B6-F8E9CC9726CB}.Release|x64.ActiveCfg = Release|x64
		{28964B6F-0214-4B67-B2B6-F8E9CC9726CB}.Release|x64.Build.0 = Release|x64
		{28964B6F-0214-4B67-B2B6-F8E9CC9726CB}.Release|x86.ActiveCfg = Release|Win32
		{28964B6F-0214-4B67-B2B6-F8E9CC9726CB}.Release|x86.Build.0 = Release|Win32
		{B270AE21-429B-4B93-ACE6-D8CA14A6A0B7}.Debug|x64.ActiveCfg = Debug|x64
		{B270AE21-429B-4B93-ACE6-D8CA14A6A0B7}.Debug|x64.Build.0 = Debug|x64
		{B270AE21-429B-4B93-ACE6-D8CA14A6A0B7}.Debug|x86.ActiveCfg = Debug|Win32
		{B270AE21-429B-4B93-ACE6-D8CA14A6A0B7}.Debug|x86.Build.0 = Debug|Win32
		{B270AE21-429B-4B93-ACE6-D8CA14A6A0B7}.Release|x64.ActiveCfg = Release|x64
		{B270AE21-429B-4B93-ACE6-D8CA14A6A0B7}.Release|x64.Build.0 = Release|x64
		{B270AE21-429B-4B93-ACE6-D8CA14A6A0B7}.Release|x86.ActiveCfg = Release|Win32
		{B270AE21-429B-4B93-ACE6-D8CA14A6A0B7}.Release|x86.Build.0 = Release|Win32
		{CA9AE9A1-1CED-4103-A58C-4ACBA392A03B}.Debug|x64.ActiveCfg = Debug|x64
		{CA9AE9A1-1CED-4103-A58C-4ACBA392A03B}.Debug|x64.Build.0 = Debug|x64
		{CA9AE9A1-1CED-4103-A58C-4ACBA392A03B}.Debug|x86.ActiveCfg = Debug|Win32
		{CA9AE9A1-1CED-4103-A58C-4ACBA392A03B}.Debug|x86.Build.0 = Debug|Win32
		{CA9AE9A1-1CED-4103-A58C-4ACBA392A03B}.Release|x64.ActiveCfg = Release|x64
		{CA9AE9A1-1CED-4103-A58C-4ACBA392A03B}.Release|x64.Build.0 = Release|x64
		{CA9AE9A1-1CED-4103-A58C-4ACBA392A03B}.Release|x86.ActiveCfg = Release|Win32
		{CA9AE9A1-1CED-4103-A58C-4ACBA392A03B}.Release|x86.Build.0 = Release|Win32
	EndGlobalSection
	GlobalSection(SolutionProperties) = preSolution
		HideSolutionNode = FALSE
	EndGlobalSection
	GlobalSection(ExtensibilityGlobals) = postSolution
		SolutionGuid = {16E44723-9421-4F2A-B866-48C27956069D}
	EndGlobalSection
EndGlobal
